// !$*UTF8*$!
{
	archiveVersion = 1;
	classes = {
	};
	objectVersion = 56;
	objects = {

/* Begin PBXBuildFile section */
		BD500DF62AF7AE3C00558A76 /* BannerModel.swift in Sources */ = {isa = PBXBuildFile; fileRef = BD500DF52AF7AE3C00558A76 /* BannerModel.swift */; };
		BD8856022AF5607300F3365F /* AppDelegate.swift in Sources */ = {isa = PBXBuildFile; fileRef = BD8856012AF5607300F3365F /* AppDelegate.swift */; };
		BD8856042AF5607300F3365F /* SceneDelegate.swift in Sources */ = {isa = PBXBuildFile; fileRef = BD8856032AF5607300F3365F /* SceneDelegate.swift */; };
		BD88560B2AF5607400F3365F /* Assets.xcassets in Resources */ = {isa = PBXBuildFile; fileRef = BD88560A2AF5607400F3365F /* Assets.xcassets */; };
		BD88560E2AF5607400F3365F /* LaunchScreen.storyboard in Resources */ = {isa = PBXBuildFile; fileRef = BD88560C2AF5607400F3365F /* LaunchScreen.storyboard */; };
		BD8856162AF56BB000F3365F /* NetworkServiece.swift in Sources */ = {isa = PBXBuildFile; fileRef = BD8856152AF56BB000F3365F /* NetworkServiece.swift */; };
		BD8856182AF56BBD00F3365F /* Model.swift in Sources */ = {isa = PBXBuildFile; fileRef = BD8856172AF56BBD00F3365F /* Model.swift */; };
		BD8856202AF56C7500F3365F /* ArrivalCell.swift in Sources */ = {isa = PBXBuildFile; fileRef = BD88561F2AF56C7500F3365F /* ArrivalCell.swift */; };
		BD8856222AF56C8F00F3365F /* Arrival.swift in Sources */ = {isa = PBXBuildFile; fileRef = BD8856212AF56C8F00F3365F /* Arrival.swift */; };
		BD8856262AF56D3200F3365F /* Departure.swift in Sources */ = {isa = PBXBuildFile; fileRef = BD8856252AF56D3200F3365F /* Departure.swift */; };
		BD8856282AF56D5200F3365F /* DepartureCell.swift in Sources */ = {isa = PBXBuildFile; fileRef = BD8856272AF56D5200F3365F /* DepartureCell.swift */; };
		BD8856402AF6CEEB00F3365F /* Banner.swift in Sources */ = {isa = PBXBuildFile; fileRef = BD88563F2AF6CEEB00F3365F /* Banner.swift */; };
/* End PBXBuildFile section */

/* Begin PBXFileReference section */
		BD500DF52AF7AE3C00558A76 /* BannerModel.swift */ = {isa = PBXFileReference; lastKnownFileType = sourcecode.swift; path = BannerModel.swift; sourceTree = "<group>"; };
		BD8855FE2AF5607300F3365F /* flights.app */ = {isa = PBXFileReference; explicitFileType = wrapper.application; includeInIndex = 0; path = flights.app; sourceTree = BUILT_PRODUCTS_DIR; };
		BD8856012AF5607300F3365F /* AppDelegate.swift */ = {isa = PBXFileReference; lastKnownFileType = sourcecode.swift; path = AppDelegate.swift; sourceTree = "<group>"; };
		BD8856032AF5607300F3365F /* SceneDelegate.swift */ = {isa = PBXFileReference; lastKnownFileType = sourcecode.swift; path = SceneDelegate.swift; sourceTree = "<group>"; };
		BD88560A2AF5607400F3365F /* Assets.xcassets */ = {isa = PBXFileReference; lastKnownFileType = folder.assetcatalog; path = Assets.xcassets; sourceTree = "<group>"; };
		BD88560D2AF5607400F3365F /* Base */ = {isa = PBXFileReference; lastKnownFileType = file.storyboard; name = Base; path = Base.lproj/LaunchScreen.storyboard; sourceTree = "<group>"; };
		BD88560F2AF5607400F3365F /* Info.plist */ = {isa = PBXFileReference; lastKnownFileType = text.plist.xml; path = Info.plist; sourceTree = "<group>"; };
		BD8856152AF56BB000F3365F /* NetworkServiece.swift */ = {isa = PBXFileReference; lastKnownFileType = sourcecode.swift; path = NetworkServiece.swift; sourceTree = "<group>"; };
		BD8856172AF56BBD00F3365F /* Model.swift */ = {isa = PBXFileReference; lastKnownFileType = sourcecode.swift; path = Model.swift; sourceTree = "<group>"; };
		BD88561F2AF56C7500F3365F /* ArrivalCell.swift */ = {isa = PBXFileReference; lastKnownFileType = sourcecode.swift; path = ArrivalCell.swift; sourceTree = "<group>"; };
		BD8856212AF56C8F00F3365F /* Arrival.swift */ = {isa = PBXFileReference; lastKnownFileType = sourcecode.swift; path = Arrival.swift; sourceTree = "<group>"; };
		BD8856252AF56D3200F3365F /* Departure.swift */ = {isa = PBXFileReference; lastKnownFileType = sourcecode.swift; path = Departure.swift; sourceTree = "<group>"; };
		BD8856272AF56D5200F3365F /* DepartureCell.swift */ = {isa = PBXFileReference; lastKnownFileType = sourcecode.swift; path = DepartureCell.swift; sourceTree = "<group>"; };
		BD88563F2AF6CEEB00F3365F /* Banner.swift */ = {isa = PBXFileReference; lastKnownFileType = sourcecode.swift; path = Banner.swift; sourceTree = "<group>"; };
/* End PBXFileReference section */

/* Begin PBXFrameworksBuildPhase section */
		BD8855FB2AF5607300F3365F /* Frameworks */ = {
			isa = PBXFrameworksBuildPhase;
			buildActionMask = 2147483647;
			files = (
			);
			runOnlyForDeploymentPostprocessing = 0;
		};
/* End PBXFrameworksBuildPhase section */

/* Begin PBXGroup section */
		BD8855F52AF5607300F3365F = {
			isa = PBXGroup;
			children = (
				BD8856002AF5607300F3365F /* flights */,
				BD8855FF2AF5607300F3365F /* Products */,
			);
			sourceTree = "<group>";
		};
		BD8855FF2AF5607300F3365F /* Products */ = {
			isa = PBXGroup;
			children = (
				BD8855FE2AF5607300F3365F /* flights.app */,
			);
			name = Products;
			sourceTree = "<group>";
		};
		BD8856002AF5607300F3365F /* flights */ = {
			isa = PBXGroup;
			children = (
				BD8856012AF5607300F3365F /* AppDelegate.swift */,
				BD8856032AF5607300F3365F /* SceneDelegate.swift */,
				BD88563F2AF6CEEB00F3365F /* Banner.swift */,
				BD8856242AF56D1100F3365F /* Departure */,
				BD8856232AF56C9600F3365F /* Arrival */,
				BD8856152AF56BB000F3365F /* NetworkServiece.swift */,
				BD8856172AF56BBD00F3365F /* Model.swift */,
				BD500DF52AF7AE3C00558A76 /* BannerModel.swift */,
				BD88560A2AF5607400F3365F /* Assets.xcassets */,
				BD88560C2AF5607400F3365F /* LaunchScreen.storyboard */,
				BD88560F2AF5607400F3365F /* Info.plist */,
			);
			path = flights;
			sourceTree = "<group>";
		};
		BD8856232AF56C9600F3365F /* Arrival */ = {
			isa = PBXGroup;
			children = (
				BD8856212AF56C8F00F3365F /* Arrival.swift */,
				BD88561F2AF56C7500F3365F /* ArrivalCell.swift */,
			);
			path = Arrival;
			sourceTree = "<group>";
		};
		BD8856242AF56D1100F3365F /* Departure */ = {
			isa = PBXGroup;
			children = (
				BD8856252AF56D3200F3365F /* Departure.swift */,
				BD8856272AF56D5200F3365F /* DepartureCell.swift */,
			);
			path = Departure;
			sourceTree = "<group>";
		};
/* End PBXGroup section */

/* Begin PBXNativeTarget section */
		BD8855FD2AF5607300F3365F /* flights */ = {
			isa = PBXNativeTarget;
			buildConfigurationList = BD8856122AF5607400F3365F /* Build configuration list for PBXNativeTarget "flights" */;
			buildPhases = (
				BD8855FA2AF5607300F3365F /* Sources */,
				BD8855FB2AF5607300F3365F /* Frameworks */,
				BD8855FC2AF5607300F3365F /* Resources */,
			);
			buildRules = (
			);
			dependencies = (
			);
			name = flights;
			productName = flights;
			productReference = BD8855FE2AF5607300F3365F /* flights.app */;
			productType = "com.apple.product-type.application";
		};
/* End PBXNativeTarget section */

/* Begin PBXProject section */
		BD8855F62AF5607300F3365F /* Project object */ = {
			isa = PBXProject;
			attributes = {
				BuildIndependentTargetsInParallel = 1;
				LastSwiftUpdateCheck = 1430;
				LastUpgradeCheck = 1430;
				TargetAttributes = {
					BD8855FD2AF5607300F3365F = {
						CreatedOnToolsVersion = 14.3.1;
					};
				};
			};
			buildConfigurationList = BD8855F92AF5607300F3365F /* Build configuration list for PBXProject "flights" */;
			compatibilityVersion = "Xcode 14.0";
			developmentRegion = en;
			hasScannedForEncodings = 0;
			knownRegions = (
				en,
				Base,
			);
			mainGroup = BD8855F52AF5607300F3365F;
			productRefGroup = BD8855FF2AF5607300F3365F /* Products */;
			projectDirPath = "";
			projectRoot = "";
			targets = (
				BD8855FD2AF5607300F3365F /* flights */,
			);
		};
/* End PBXProject section */

/* Begin PBXResourcesBuildPhase section */
		BD8855FC2AF5607300F3365F /* Resources */ = {
			isa = PBXResourcesBuildPhase;
			buildActionMask = 2147483647;
			files = (
				BD88560E2AF5607400F3365F /* LaunchScreen.storyboard in Resources */,
				BD88560B2AF5607400F3365F /* Assets.xcassets in Resources */,
			);
			runOnlyForDeploymentPostprocessing = 0;
		};
/* End PBXResourcesBuildPhase section */

/* Begin PBXSourcesBuildPhase section */
		BD8855FA2AF5607300F3365F /* Sources */ = {
			isa = PBXSourcesBuildPhase;
			buildActionMask = 2147483647;
			files = (
				BD8856182AF56BBD00F3365F /* Model.swift in Sources */,
				BD8856202AF56C7500F3365F /* ArrivalCell.swift in Sources */,
				BD8856402AF6CEEB00F3365F /* Banner.swift in Sources */,
				BD8856282AF56D5200F3365F /* DepartureCell.swift in Sources */,
				BD8856162AF56BB000F3365F /* NetworkServiece.swift in Sources */,
				BD8856262AF56D3200F3365F /* Departure.swift in Sources */,
				BD8856222AF56C8F00F3365F /* Arrival.swift in Sources */,
				BD8856022AF5607300F3365F /* AppDelegate.swift in Sources */,
				BD8856042AF5607300F3365F /* SceneDelegate.swift in Sources */,
				BD500DF62AF7AE3C00558A76 /* BannerModel.swift in Sources */,
			);
			runOnlyForDeploymentPostprocessing = 0;
		};
/* End PBXSourcesBuildPhase section */

/* Begin PBXVariantGroup section */
		BD88560C2AF5607400F3365F /* LaunchScreen.storyboard */ = {
			isa = PBXVariantGroup;
			children = (
				BD88560D2AF5607400F3365F /* Base */,
			);
			name = LaunchScreen.storyboard;
			sourceTree = "<group>";
		};
/* End PBXVariantGroup section */

/* Begin XCBuildConfiguration section */
		BD8856102AF5607400F3365F /* Debug */ = {
			isa = XCBuildConfiguration;
			buildSettings = {
				ALWAYS_SEARCH_USER_PATHS = NO;
				CLANG_ANALYZER_NONNULL = YES;
				CLANG_ANALYZER_NUMBER_OBJECT_CONVERSION = YES_AGGRESSIVE;
				CLANG_CXX_LANGUAGE_STANDARD = "gnu++20";
				CLANG_ENABLE_MODULES = YES;
				CLANG_ENABLE_OBJC_ARC = YES;
				CLANG_ENABLE_OBJC_WEAK = YES;
				CLANG_WARN_BLOCK_CAPTURE_AUTORELEASING = YES;
				CLANG_WARN_BOOL_CONVERSION = YES;
				CLANG_WARN_COMMA = YES;
				CLANG_WARN_CONSTANT_CONVERSION = YES;
				CLANG_WARN_DEPRECATED_OBJC_IMPLEMENTATIONS = YES;
				CLANG_WARN_DIRECT_OBJC_ISA_USAGE = YES_ERROR;
				CLANG_WARN_DOCUMENTATION_COMMENTS = YES;
				CLANG_WARN_EMPTY_BODY = YES;
				CLANG_WARN_ENUM_CONVERSION = YES;
				CLANG_WARN_INFINITE_RECURSION = YES;
				CLANG_WARN_INT_CONVERSION = YES;
				CLANG_WARN_NON_LITERAL_NULL_CONVERSION = YES;
				CLANG_WARN_OBJC_IMPLICIT_RETAIN_SELF = YES;
				CLANG_WARN_OBJC_LITERAL_CONVERSION = YES;
				CLANG_WARN_OBJC_ROOT_CLASS = YES_ERROR;
				CLANG_WARN_QUOTED_INCLUDE_IN_FRAMEWORK_HEADER = YES;
				CLANG_WARN_RANGE_LOOP_ANALYSIS = YES;
				CLANG_WARN_STRICT_PROTOTYPES = YES;
				CLANG_WARN_SUSPICIOUS_MOVE = YES;
				CLANG_WARN_UNGUARDED_AVAILABILITY = YES_AGGRESSIVE;
				CLANG_WARN_UNREACHABLE_CODE = YES;
				CLANG_WARN__DUPLICATE_METHOD_MATCH = YES;
				COPY_PHASE_STRIP = NO;
				DEBUG_INFORMATION_FORMAT = dwarf;
				ENABLE_STRICT_OBJC_MSGSEND = YES;
				ENABLE_TESTABILITY = YES;
				GCC_C_LANGUAGE_STANDARD = gnu11;
				GCC_DYNAMIC_NO_PIC = NO;
				GCC_NO_COMMON_BLOCKS = YES;
				GCC_OPTIMIZATION_LEVEL = 0;
				GCC_PREPROCESSOR_DEFINITIONS = (
					"DEBUG=1",
					"$(inherited)",
				);
				GCC_WARN_64_TO_32_BIT_CONVERSION = YES;
				GCC_WARN_ABOUT_RETURN_TYPE = YES_ERROR;
				GCC_WARN_UNDECLARED_SELECTOR = YES;
				GCC_WARN_UNINITIALIZED_AUTOS = YES_AGGRESSIVE;
				GCC_WARN_UNUSED_FUNCTION = YES;
				GCC_WARN_UNUSED_VARIABLE = YES;
				IPHONEOS_DEPLOYMENT_TARGET = 16.4;
				MTL_ENABLE_DEBUG_INFO = INCLUDE_SOURCE;
				MTL_FAST_MATH = YES;
				ONLY_ACTIVE_ARCH = YES;
				SDKROOT = iphoneos;
				SWIFT_ACTIVE_COMPILATION_CONDITIONS = DEBUG;
				SWIFT_OPTIMIZATION_LEVEL = "-Onone";
			};
			name = Debug;
		};
		BD8856112AF5607400F3365F /* Release */ = {
			isa = XCBuildConfiguration;
			buildSettings = {
				ALWAYS_SEARCH_USER_PATHS = NO;
				CLANG_ANALYZER_NONNULL = YES;
				CLANG_ANALYZER_NUMBER_OBJECT_CONVERSION = YES_AGGRESSIVE;
				CLANG_CXX_LANGUAGE_STANDARD = "gnu++20";
				CLANG_ENABLE_MODULES = YES;
				CLANG_ENABLE_OBJC_ARC = YES;
				CLANG_ENABLE_OBJC_WEAK = YES;
				CLANG_WARN_BLOCK_CAPTURE_AUTORELEASING = YES;
				CLANG_WARN_BOOL_CONVERSION = YES;
				CLANG_WARN_COMMA = YES;
				CLANG_WARN_CONSTANT_CONVERSION = YES;
				CLANG_WARN_DEPRECATED_OBJC_IMPLEMENTATIONS = YES;
				CLANG_WARN_DIRECT_OBJC_ISA_USAGE = YES_ERROR;
				CLANG_WARN_DOCUMENTATION_COMMENTS = YES;
				CLANG_WARN_EMPTY_BODY = YES;
				CLANG_WARN_ENUM_CONVERSION = YES;
				CLANG_WARN_INFINITE_RECURSION = YES;
				CLANG_WARN_INT_CONVERSION = YES;
				CLANG_WARN_NON_LITERAL_NULL_CONVERSION = YES;
				CLANG_WARN_OBJC_IMPLICIT_RETAIN_SELF = YES;
				CLANG_WARN_OBJC_LITERAL_CONVERSION = YES;
				CLANG_WARN_OBJC_ROOT_CLASS = YES_ERROR;
				CLANG_WARN_QUOTED_INCLUDE_IN_FRAMEWORK_HEADER = YES;
				CLANG_WARN_RANGE_LOOP_ANALYSIS = YES;
				CLANG_WARN_STRICT_PROTOTYPES = YES;
				CLANG_WARN_SUSPICIOUS_MOVE = YES;
				CLANG_WARN_UNGUARDED_AVAILABILITY = YES_AGGRESSIVE;
				CLANG_WARN_UNREACHABLE_CODE = YES;
				CLANG_WARN__DUPLICATE_METHOD_MATCH = YES;
				COPY_PHASE_STRIP = NO;
				DEBUG_INFORMATION_FORMAT = "dwarf-with-dsym";
				ENABLE_NS_ASSERTIONS = NO;
				ENABLE_STRICT_OBJC_MSGSEND = YES;
				GCC_C_LANGUAGE_STANDARD = gnu11;
				GCC_NO_COMMON_BLOCKS = YES;
				GCC_WARN_64_TO_32_BIT_CONVERSION = YES;
				GCC_WARN_ABOUT_RETURN_TYPE = YES_ERROR;
				GCC_WARN_UNDECLARED_SELECTOR = YES;
				GCC_WARN_UNINITIALIZED_AUTOS = YES_AGGRESSIVE;
				GCC_WARN_UNUSED_FUNCTION = YES;
				GCC_WARN_UNUSED_VARIABLE = YES;
				IPHONEOS_DEPLOYMENT_TARGET = 16.4;
				MTL_ENABLE_DEBUG_INFO = NO;
				MTL_FAST_MATH = YES;
				SDKROOT = iphoneos;
				SWIFT_COMPILATION_MODE = wholemodule;
				SWIFT_OPTIMIZATION_LEVEL = "-O";
				VALIDATE_PRODUCT = YES;
			};
			name = Release;
		};
		BD8856132AF5607400F3365F /* Debug */ = {
			isa = XCBuildConfiguration;
			buildSettings = {
				ASSETCATALOG_COMPILER_APPICON_NAME = AppIcon;
				ASSETCATALOG_COMPILER_GLOBAL_ACCENT_COLOR_NAME = AccentColor;
				CODE_SIGN_STYLE = Automatic;
				CURRENT_PROJECT_VERSION = 1;
				DEVELOPMENT_TEAM = LXHC5L2843;
				GENERATE_INFOPLIST_FILE = YES;
				INFOPLIST_FILE = flights/Info.plist;
				INFOPLIST_KEY_UIApplicationSupportsIndirectInputEvents = YES;
				INFOPLIST_KEY_UILaunchStoryboardName = LaunchScreen;
				INFOPLIST_KEY_UISupportedInterfaceOrientations_iPad = "UIInterfaceOrientationPortrait UIInterfaceOrientationPortraitUpsideDown UIInterfaceOrientationLandscapeLeft UIInterfaceOrientationLandscapeRight";
				INFOPLIST_KEY_UISupportedInterfaceOrientations_iPhone = "UIInterfaceOrientationPortrait UIInterfaceOrientationLandscapeLeft UIInterfaceOrientationLandscapeRight";
				LD_RUNPATH_SEARCH_PATHS = (
					"$(inherited)",
					"@executable_path/Frameworks",
				);
				MARKETING_VERSION = 1.0;
				PRODUCT_BUNDLE_IDENTIFIER = ru.NataKuznetsova.geekbrains.flights;
				PRODUCT_NAME = "$(TARGET_NAME)";
				SWIFT_EMIT_LOC_STRINGS = YES;
				SWIFT_VERSION = 5.0;
				TARGETED_DEVICE_FAMILY = "1,2";
			};
			name = Debug;
		};
		BD8856142AF5607400F3365F /* Release */ = {
			isa = XCBuildConfiguration;
			buildSettings = {
				ASSETCATALOG_COMPILER_APPICON_NAME = AppIcon;
				ASSETCATALOG_COMPILER_GLOBAL_ACCENT_COLOR_NAME = AccentColor;
				CODE_SIGN_STYLE = Automatic;
				CURRENT_PROJECT_VERSION = 1;
				DEVELOPMENT_TEAM = LXHC5L2843;
				GENERATE_INFOPLIST_FILE = YES;
				INFOPLIST_FILE = flights/Info.plist;
				INFOPLIST_KEY_UIApplicationSupportsIndirectInputEvents = YES;
				INFOPLIST_KEY_UILaunchStoryboardName = LaunchScreen;
				INFOPLIST_KEY_UISupportedInterfaceOrientations_iPad = "UIInterfaceOrientationPortrait UIInterfaceOrientationPortraitUpsideDown UIInterfaceOrientationLandscapeLeft UIInterfaceOrientationLandscapeRight";
				INFOPLIST_KEY_UISupportedInterfaceOrientations_iPhone = "UIInterfaceOrientationPortrait UIInterfaceOrientationLandscapeLeft UIInterfaceOrientationLandscapeRight";
				LD_RUNPATH_SEARCH_PATHS = (
					"$(inherited)",
					"@executable_path/Frameworks",
				);
				MARKETING_VERSION = 1.0;
				PRODUCT_BUNDLE_IDENTIFIER = ru.NataKuznetsova.geekbrains.flights;
				PRODUCT_NAME = "$(TARGET_NAME)";
				SWIFT_EMIT_LOC_STRINGS = YES;
				SWIFT_VERSION = 5.0;
				TARGETED_DEVICE_FAMILY = "1,2";
			};
			name = Release;
		};
/* End XCBuildConfiguration section */

/* Begin XCConfigurationList section */
		BD8855F92AF5607300F3365F /* Build configuration list for PBXProject "flights" */ = {
			isa = XCConfigurationList;
			buildConfigurations = (
				BD8856102AF5607400F3365F /* Debug */,
				BD8856112AF5607400F3365F /* Release */,
			);
			defaultConfigurationIsVisible = 0;
			defaultConfigurationName = Release;
		};
		BD8856122AF5607400F3365F /* Build configuration list for PBXNativeTarget "flights" */ = {
			isa = XCConfigurationList;
			buildConfigurations = (
				BD8856132AF5607400F3365F /* Debug */,
				BD8856142AF5607400F3365F /* Release */,
			);
			defaultConfigurationIsVisible = 0;
			defaultConfigurationName = Release;
		};
/* End XCConfigurationList section */
	};
	rootObject = BD8855F62AF5607300F3365F /* Project object */;
}
